// !$*UTF8*$!
{
	archiveVersion = 1;
	classes = {
	};
	objectVersion = 46;
	objects = {

/* Begin PBXBuildFile section */
		386800421C15EE9000DD4D8D /* Fire_alarm.wav in Resources */ = {isa = PBXBuildFile; fileRef = 386800411C15EE9000DD4D8D /* Fire_alarm.wav */; };
		3868007E1C176B3100DD4D8D /* contactViewController.swift in Sources */ = {isa = PBXBuildFile; fileRef = 3868007D1C176B3100DD4D8D /* contactViewController.swift */; };
		386800801C17770900DD4D8D /* iAd.framework in Frameworks */ = {isa = PBXBuildFile; fileRef = 3868007F1C17770900DD4D8D /* iAd.framework */; };
		3892D3341C0BA1C400EF29A5 /* AppDelegate.swift in Sources */ = {isa = PBXBuildFile; fileRef = 3892D3331C0BA1C400EF29A5 /* AppDelegate.swift */; };
		3892D3361C0BA1C400EF29A5 /* ViewController.swift in Sources */ = {isa = PBXBuildFile; fileRef = 3892D3351C0BA1C400EF29A5 /* ViewController.swift */; };
		3892D33B1C0BA1C400EF29A5 /* Assets.xcassets in Resources */ = {isa = PBXBuildFile; fileRef = 3892D33A1C0BA1C400EF29A5 /* Assets.xcassets */; };
		3892D33E1C0BA1C400EF29A5 /* LaunchScreen.storyboard in Resources */ = {isa = PBXBuildFile; fileRef = 3892D33C1C0BA1C400EF29A5 /* LaunchScreen.storyboard */; };
		3892D3491C0BA1C400EF29A5 /* wParkingMeterTests.swift in Sources */ = {isa = PBXBuildFile; fileRef = 3892D3481C0BA1C400EF29A5 /* wParkingMeterTests.swift */; };
		3892D3541C0BA1C400EF29A5 /* wParkingMeterUITests.swift in Sources */ = {isa = PBXBuildFile; fileRef = 3892D3531C0BA1C400EF29A5 /* wParkingMeterUITests.swift */; };
		3892D3661C0BA27400EF29A5 /* timerViewController.swift in Sources */ = {isa = PBXBuildFile; fileRef = 3892D3651C0BA27400EF29A5 /* timerViewController.swift */; };
		3892D3681C0BA29500EF29A5 /* alarmViewController.swift in Sources */ = {isa = PBXBuildFile; fileRef = 3892D3671C0BA29500EF29A5 /* alarmViewController.swift */; };
		3892D36A1C0BAB1B00EF29A5 /* sharingData.swift in Sources */ = {isa = PBXBuildFile; fileRef = 3892D3691C0BAB1B00EF29A5 /* sharingData.swift */; };
		3892D4871C11A42600EF29A5 /* TypoGraphica.otf in Resources */ = {isa = PBXBuildFile; fileRef = 3892D4861C11A42600EF29A5 /* TypoGraphica.otf */; };
		3892D4891C11A43C00EF29A5 /* pocket_calcuatlor_ot.otf in Resources */ = {isa = PBXBuildFile; fileRef = 3892D4881C11A43C00EF29A5 /* pocket_calcuatlor_ot.otf */; };
		38D4B6381C3E677C000DFB0A /* localizable.strings in Resources */ = {isa = PBXBuildFile; fileRef = 38D4B63A1C3E677C000DFB0A /* localizable.strings */; };
		38D4B63D1C3E770E000DFB0A /* Main.storyboard in Resources */ = {isa = PBXBuildFile; fileRef = 38D4B63F1C3E770E000DFB0A /* Main.storyboard */; };
/* End PBXBuildFile section */

/* Begin PBXContainerItemProxy section */
		3892D3451C0BA1C400EF29A5 /* PBXContainerItemProxy */ = {
			isa = PBXContainerItemProxy;
			containerPortal = 3892D3281C0BA1C400EF29A5 /* Project object */;
			proxyType = 1;
			remoteGlobalIDString = 3892D32F1C0BA1C400EF29A5;
			remoteInfo = wParkingMeter;
		};
		3892D3501C0BA1C400EF29A5 /* PBXContainerItemProxy */ = {
			isa = PBXContainerItemProxy;
			containerPortal = 3892D3281C0BA1C400EF29A5 /* Project object */;
			proxyType = 1;
			remoteGlobalIDString = 3892D32F1C0BA1C400EF29A5;
			remoteInfo = wParkingMeter;
		};
/* End PBXContainerItemProxy section */

/* Begin PBXFileReference section */
		386800411C15EE9000DD4D8D /* Fire_alarm.wav */ = {isa = PBXFileReference; lastKnownFileType = audio.wav; path = Fire_alarm.wav; sourceTree = "<group>"; };
		3868007D1C176B3100DD4D8D /* contactViewController.swift */ = {isa = PBXFileReference; fileEncoding = 4; lastKnownFileType = sourcecode.swift; path = contactViewController.swift; sourceTree = "<group>"; };
		3868007F1C17770900DD4D8D /* iAd.framework */ = {isa = PBXFileReference; lastKnownFileType = wrapper.framework; name = iAd.framework; path = System/Library/Frameworks/iAd.framework; sourceTree = SDKROOT; };
		3892D3301C0BA1C400EF29A5 /* wParkingMeter.app */ = {isa = PBXFileReference; explicitFileType = wrapper.application; includeInIndex = 0; path = wParkingMeter.app; sourceTree = BUILT_PRODUCTS_DIR; };
		3892D3331C0BA1C400EF29A5 /* AppDelegate.swift */ = {isa = PBXFileReference; lastKnownFileType = sourcecode.swift; path = AppDelegate.swift; sourceTree = "<group>"; };
		3892D3351C0BA1C400EF29A5 /* ViewController.swift */ = {isa = PBXFileReference; lastKnownFileType = sourcecode.swift; path = ViewController.swift; sourceTree = "<group>"; };
		3892D33A1C0BA1C400EF29A5 /* Assets.xcassets */ = {isa = PBXFileReference; lastKnownFileType = folder.assetcatalog; path = Assets.xcassets; sourceTree = "<group>"; };
		3892D33D1C0BA1C400EF29A5 /* Base */ = {isa = PBXFileReference; lastKnownFileType = file.storyboard; name = Base; path = Base.lproj/LaunchScreen.storyboard; sourceTree = "<group>"; };
		3892D33F1C0BA1C400EF29A5 /* Info.plist */ = {isa = PBXFileReference; lastKnownFileType = text.plist.xml; path = Info.plist; sourceTree = "<group>"; };
		3892D3441C0BA1C400EF29A5 /* wParkingMeterTests.xctest */ = {isa = PBXFileReference; explicitFileType = wrapper.cfbundle; includeInIndex = 0; path = wParkingMeterTests.xctest; sourceTree = BUILT_PRODUCTS_DIR; };
		3892D3481C0BA1C400EF29A5 /* wParkingMeterTests.swift */ = {isa = PBXFileReference; lastKnownFileType = sourcecode.swift; path = wParkingMeterTests.swift; sourceTree = "<group>"; };
		3892D34A1C0BA1C400EF29A5 /* Info.plist */ = {isa = PBXFileReference; lastKnownFileType = text.plist.xml; path = Info.plist; sourceTree = "<group>"; };
		3892D34F1C0BA1C400EF29A5 /* wParkingMeterUITests.xctest */ = {isa = PBXFileReference; explicitFileType = wrapper.cfbundle; includeInIndex = 0; path = wParkingMeterUITests.xctest; sourceTree = BUILT_PRODUCTS_DIR; };
		3892D3531C0BA1C400EF29A5 /* wParkingMeterUITests.swift */ = {isa = PBXFileReference; lastKnownFileType = sourcecode.swift; path = wParkingMeterUITests.swift; sourceTree = "<group>"; };
		3892D3551C0BA1C400EF29A5 /* Info.plist */ = {isa = PBXFileReference; lastKnownFileType = text.plist.xml; path = Info.plist; sourceTree = "<group>"; };
		3892D3651C0BA27400EF29A5 /* timerViewController.swift */ = {isa = PBXFileReference; fileEncoding = 4; lastKnownFileType = sourcecode.swift; path = timerViewController.swift; sourceTree = "<group>"; };
		3892D3671C0BA29500EF29A5 /* alarmViewController.swift */ = {isa = PBXFileReference; fileEncoding = 4; lastKnownFileType = sourcecode.swift; path = alarmViewController.swift; sourceTree = "<group>"; };
		3892D3691C0BAB1B00EF29A5 /* sharingData.swift */ = {isa = PBXFileReference; fileEncoding = 4; lastKnownFileType = sourcecode.swift; path = sharingData.swift; sourceTree = "<group>"; };
		3892D4861C11A42600EF29A5 /* TypoGraphica.otf */ = {isa = PBXFileReference; lastKnownFileType = file; path = TypoGraphica.otf; sourceTree = "<group>"; };
		3892D4881C11A43C00EF29A5 /* pocket_calcuatlor_ot.otf */ = {isa = PBXFileReference; lastKnownFileType = file; path = pocket_calcuatlor_ot.otf; sourceTree = "<group>"; };
		38D4B6391C3E677C000DFB0A /* es */ = {isa = PBXFileReference; lastKnownFileType = text.plist.strings; name = es; path = es.lproj/localizable.strings; sourceTree = "<group>"; };
		38D4B63C1C3E6DD5000DFB0A /* en */ = {isa = PBXFileReference; lastKnownFileType = text.plist.strings; name = en; path = en.lproj/localizable.strings; sourceTree = "<group>"; };
		38D4B6431C3E7782000DFB0A /* Base */ = {isa = PBXFileReference; lastKnownFileType = file.storyboard; name = Base; path = Base.lproj/Main.storyboard; sourceTree = "<group>"; };
		38D4B6451C3E7821000DFB0A /* en */ = {isa = PBXFileReference; lastKnownFileType = text.plist.strings; name = en; path = en.lproj/Main.strings; sourceTree = "<group>"; };
		38D4B6471C3E782E000DFB0A /* es */ = {isa = PBXFileReference; lastKnownFileType = text.plist.strings; name = es; path = es.lproj/Main.strings; sourceTree = "<group>"; };
		38D4B6491C3E7B61000DFB0A /* en */ = {isa = PBXFileReference; lastKnownFileType = text.plist.strings; name = en; path = en.lproj/LaunchScreen.strings; sourceTree = "<group>"; };
		38D4B64B1C3E7B63000DFB0A /* es */ = {isa = PBXFileReference; lastKnownFileType = text.plist.strings; name = es; path = es.lproj/LaunchScreen.strings; sourceTree = "<group>"; };
/* End PBXFileReference section */

/* Begin PBXFrameworksBuildPhase section */
		3892D32D1C0BA1C400EF29A5 /* Frameworks */ = {
			isa = PBXFrameworksBuildPhase;
			buildActionMask = 2147483647;
			files = (
				386800801C17770900DD4D8D /* iAd.framework in Frameworks */,
			);
			runOnlyForDeploymentPostprocessing = 0;
		};
		3892D3411C0BA1C400EF29A5 /* Frameworks */ = {
			isa = PBXFrameworksBuildPhase;
			buildActionMask = 2147483647;
			files = (
			);
			runOnlyForDeploymentPostprocessing = 0;
		};
		3892D34C1C0BA1C400EF29A5 /* Frameworks */ = {
			isa = PBXFrameworksBuildPhase;
			buildActionMask = 2147483647;
			files = (
			);
			runOnlyForDeploymentPostprocessing = 0;
		};
/* End PBXFrameworksBuildPhase section */

/* Begin PBXGroup section */
		3892D3271C0BA1C400EF29A5 = {
			isa = PBXGroup;
			children = (
				3868007F1C17770900DD4D8D /* iAd.framework */,
				3892D3321C0BA1C400EF29A5 /* wParkingMeter */,
				3892D3471C0BA1C400EF29A5 /* wParkingMeterTests */,
				3892D3521C0BA1C400EF29A5 /* wParkingMeterUITests */,
				3892D3311C0BA1C400EF29A5 /* Products */,
			);
			sourceTree = "<group>";
		};
		3892D3311C0BA1C400EF29A5 /* Products */ = {
			isa = PBXGroup;
			children = (
				3892D3301C0BA1C400EF29A5 /* wParkingMeter.app */,
				3892D3441C0BA1C400EF29A5 /* wParkingMeterTests.xctest */,
				3892D34F1C0BA1C400EF29A5 /* wParkingMeterUITests.xctest */,
			);
			name = Products;
			sourceTree = "<group>";
		};
		3892D3321C0BA1C400EF29A5 /* wParkingMeter */ = {
			isa = PBXGroup;
			children = (
				3892D3331C0BA1C400EF29A5 /* AppDelegate.swift */,
				3892D3351C0BA1C400EF29A5 /* ViewController.swift */,
				3892D3651C0BA27400EF29A5 /* timerViewController.swift */,
				3892D3671C0BA29500EF29A5 /* alarmViewController.swift */,
				3868007D1C176B3100DD4D8D /* contactViewController.swift */,
				3892D3691C0BAB1B00EF29A5 /* sharingData.swift */,
				38D4B63F1C3E770E000DFB0A /* Main.storyboard */,
				3892D33C1C0BA1C400EF29A5 /* LaunchScreen.storyboard */,
				3892D33A1C0BA1C400EF29A5 /* Assets.xcassets */,
				3892D4881C11A43C00EF29A5 /* pocket_calcuatlor_ot.otf */,
				3892D4861C11A42600EF29A5 /* TypoGraphica.otf */,
				386800411C15EE9000DD4D8D /* Fire_alarm.wav */,
				3892D33F1C0BA1C400EF29A5 /* Info.plist */,
				38D4B63A1C3E677C000DFB0A /* localizable.strings */,
			);
			path = wParkingMeter;
			sourceTree = "<group>";
		};
		3892D3471C0BA1C400EF29A5 /* wParkingMeterTests */ = {
			isa = PBXGroup;
			children = (
				3892D3481C0BA1C400EF29A5 /* wParkingMeterTests.swift */,
				3892D34A1C0BA1C400EF29A5 /* Info.plist */,
			);
			path = wParkingMeterTests;
			sourceTree = "<group>";
		};
		3892D3521C0BA1C400EF29A5 /* wParkingMeterUITests */ = {
			isa = PBXGroup;
			children = (
				3892D3531C0BA1C400EF29A5 /* wParkingMeterUITests.swift */,
				3892D3551C0BA1C400EF29A5 /* Info.plist */,
			);
			path = wParkingMeterUITests;
			sourceTree = "<group>";
		};
/* End PBXGroup section */

/* Begin PBXNativeTarget section */
		3892D32F1C0BA1C400EF29A5 /* wParkingMeter */ = {
			isa = PBXNativeTarget;
			buildConfigurationList = 3892D3581C0BA1C400EF29A5 /* Build configuration list for PBXNativeTarget "wParkingMeter" */;
			buildPhases = (
				3892D32C1C0BA1C400EF29A5 /* Sources */,
				3892D32D1C0BA1C400EF29A5 /* Frameworks */,
				3892D32E1C0BA1C400EF29A5 /* Resources */,
			);
			buildRules = (
			);
			dependencies = (
			);
			name = wParkingMeter;
			productName = wParkingMeter;
			productReference = 3892D3301C0BA1C400EF29A5 /* wParkingMeter.app */;
			productType = "com.apple.product-type.application";
		};
		3892D3431C0BA1C400EF29A5 /* wParkingMeterTests */ = {
			isa = PBXNativeTarget;
			buildConfigurationList = 3892D35B1C0BA1C400EF29A5 /* Build configuration list for PBXNativeTarget "wParkingMeterTests" */;
			buildPhases = (
				3892D3401C0BA1C400EF29A5 /* Sources */,
				3892D3411C0BA1C400EF29A5 /* Frameworks */,
				3892D3421C0BA1C400EF29A5 /* Resources */,
			);
			buildRules = (
			);
			dependencies = (
				3892D3461C0BA1C400EF29A5 /* PBXTargetDependency */,
			);
			name = wParkingMeterTests;
			productName = wParkingMeterTests;
			productReference = 3892D3441C0BA1C400EF29A5 /* wParkingMeterTests.xctest */;
			productType = "com.apple.product-type.bundle.unit-test";
		};
		3892D34E1C0BA1C400EF29A5 /* wParkingMeterUITests */ = {
			isa = PBXNativeTarget;
			buildConfigurationList = 3892D35E1C0BA1C400EF29A5 /* Build configuration list for PBXNativeTarget "wParkingMeterUITests" */;
			buildPhases = (
				3892D34B1C0BA1C400EF29A5 /* Sources */,
				3892D34C1C0BA1C400EF29A5 /* Frameworks */,
				3892D34D1C0BA1C400EF29A5 /* Resources */,
			);
			buildRules = (
			);
			dependencies = (
				3892D3511C0BA1C400EF29A5 /* PBXTargetDependency */,
			);
			name = wParkingMeterUITests;
			productName = wParkingMeterUITests;
			productReference = 3892D34F1C0BA1C400EF29A5 /* wParkingMeterUITests.xctest */;
			productType = "com.apple.product-type.bundle.ui-testing";
		};
/* End PBXNativeTarget section */

/* Begin PBXProject section */
		3892D3281C0BA1C400EF29A5 /* Project object */ = {
			isa = PBXProject;
			attributes = {
				LastSwiftUpdateCheck = 0710;
				LastUpgradeCheck = 0710;
				ORGANIZATIONNAME = "Walter Lopez Pascual";
				TargetAttributes = {
					3892D32F1C0BA1C400EF29A5 = {
						CreatedOnToolsVersion = 7.1.1;
						DevelopmentTeam = C546944X7E;
					};
					3892D3431C0BA1C400EF29A5 = {
						CreatedOnToolsVersion = 7.1.1;
						DevelopmentTeam = C546944X7E;
						TestTargetID = 3892D32F1C0BA1C400EF29A5;
					};
					3892D34E1C0BA1C400EF29A5 = {
						CreatedOnToolsVersion = 7.1.1;
						DevelopmentTeam = C546944X7E;
						TestTargetID = 3892D32F1C0BA1C400EF29A5;
					};
				};
			};
			buildConfigurationList = 3892D32B1C0BA1C400EF29A5 /* Build configuration list for PBXProject "wParkingMeter" */;
			compatibilityVersion = "Xcode 3.2";
			developmentRegion = English;
			hasScannedForEncodings = 0;
			knownRegions = (
				en,
				Base,
				es,
			);
			mainGroup = 3892D3271C0BA1C400EF29A5;
			productRefGroup = 3892D3311C0BA1C400EF29A5 /* Products */;
			projectDirPath = "";
			projectRoot = "";
			targets = (
				3892D32F1C0BA1C400EF29A5 /* wParkingMeter */,
				3892D3431C0BA1C400EF29A5 /* wParkingMeterTests */,
				3892D34E1C0BA1C400EF29A5 /* wParkingMeterUITests */,
			);
		};
/* End PBXProject section */

/* Begin PBXResourcesBuildPhase section */
		3892D32E1C0BA1C400EF29A5 /* Resources */ = {
			isa = PBXResourcesBuildPhase;
			buildActionMask = 2147483647;
			files = (
				3892D33E1C0BA1C400EF29A5 /* LaunchScreen.storyboard in Resources */,
				38D4B63D1C3E770E000DFB0A /* Main.storyboard in Resources */,
				3892D4891C11A43C00EF29A5 /* pocket_calcuatlor_ot.otf in Resources */,
				38D4B6381C3E677C000DFB0A /* localizable.strings in Resources */,
				3892D4871C11A42600EF29A5 /* TypoGraphica.otf in Resources */,
				386800421C15EE9000DD4D8D /* Fire_alarm.wav in Resources */,
				3892D33B1C0BA1C400EF29A5 /* Assets.xcassets in Resources */,
			);
			runOnlyForDeploymentPostprocessing = 0;
		};
		3892D3421C0BA1C400EF29A5 /* Resources */ = {
			isa = PBXResourcesBuildPhase;
			buildActionMask = 2147483647;
			files = (
			);
			runOnlyForDeploymentPostprocessing = 0;
		};
		3892D34D1C0BA1C400EF29A5 /* Resources */ = {
			isa = PBXResourcesBuildPhase;
			buildActionMask = 2147483647;
			files = (
			);
			runOnlyForDeploymentPostprocessing = 0;
		};
/* End PBXResourcesBuildPhase section */

/* Begin PBXSourcesBuildPhase section */
		3892D32C1C0BA1C400EF29A5 /* Sources */ = {
			isa = PBXSourcesBuildPhase;
			buildActionMask = 2147483647;
			files = (
				3892D3681C0BA29500EF29A5 /* alarmViewController.swift in Sources */,
				3868007E1C176B3100DD4D8D /* contactViewController.swift in Sources */,
				3892D3661C0BA27400EF29A5 /* timerViewController.swift in Sources */,
				3892D3361C0BA1C400EF29A5 /* ViewController.swift in Sources */,
				3892D3341C0BA1C400EF29A5 /* AppDelegate.swift in Sources */,
				3892D36A1C0BAB1B00EF29A5 /* sharingData.swift in Sources */,
			);
			runOnlyForDeploymentPostprocessing = 0;
		};
		3892D3401C0BA1C400EF29A5 /* Sources */ = {
			isa = PBXSourcesBuildPhase;
			buildActionMask = 2147483647;
			files = (
				3892D3491C0BA1C400EF29A5 /* wParkingMeterTests.swift in Sources */,
			);
			runOnlyForDeploymentPostprocessing = 0;
		};
		3892D34B1C0BA1C400EF29A5 /* Sources */ = {
			isa = PBXSourcesBuildPhase;
			buildActionMask = 2147483647;
			files = (
				3892D3541C0BA1C400EF29A5 /* wParkingMeterUITests.swift in Sources */,
			);
			runOnlyForDeploymentPostprocessing = 0;
		};
/* End PBXSourcesBuildPhase section */

/* Begin PBXTargetDependency section */
		3892D3461C0BA1C400EF29A5 /* PBXTargetDependency */ = {
			isa = PBXTargetDependency;
			target = 3892D32F1C0BA1C400EF29A5 /* wParkingMeter */;
			targetProxy = 3892D3451C0BA1C400EF29A5 /* PBXContainerItemProxy */;
		};
		3892D3511C0BA1C400EF29A5 /* PBXTargetDependency */ = {
			isa = PBXTargetDependency;
			target = 3892D32F1C0BA1C400EF29A5 /* wParkingMeter */;
			targetProxy = 3892D3501C0BA1C400EF29A5 /* PBXContainerItemProxy */;
		};
/* End PBXTargetDependency section */

/* Begin PBXVariantGroup section */
		3892D33C1C0BA1C400EF29A5 /* LaunchScreen.storyboard */ = {
			isa = PBXVariantGroup;
			children = (
				3892D33D1C0BA1C400EF29A5 /* Base */,
				38D4B6491C3E7B61000DFB0A /* en */,
				38D4B64B1C3E7B63000DFB0A /* es */,
			);
			name = LaunchScreen.storyboard;
			sourceTree = "<group>";
		};
		38D4B63A1C3E677C000DFB0A /* localizable.strings */ = {
			isa = PBXVariantGroup;
			children = (
				38D4B6391C3E677C000DFB0A /* es */,
				38D4B63C1C3E6DD5000DFB0A /* en */,
			);
			name = localizable.strings;
			sourceTree = "<group>";
		};
		38D4B63F1C3E770E000DFB0A /* Main.storyboard */ = {
			isa = PBXVariantGroup;
			children = (
				38D4B6431C3E7782000DFB0A /* Base */,
				38D4B6451C3E7821000DFB0A /* en */,
				38D4B6471C3E782E000DFB0A /* es */,
			);
			name = Main.storyboard;
			sourceTree = "<group>";
		};
/* End PBXVariantGroup section */

/* Begin XCBuildConfiguration section */
		3892D3561C0BA1C400EF29A5 /* Debug */ = {
			isa = XCBuildConfiguration;
			buildSettings = {
				ALWAYS_SEARCH_USER_PATHS = NO;
				CLANG_CXX_LANGUAGE_STANDARD = "gnu++0x";
				CLANG_CXX_LIBRARY = "libc++";
				CLANG_ENABLE_MODULES = YES;
				CLANG_ENABLE_OBJC_ARC = YES;
				CLANG_WARN_BOOL_CONVERSION = YES;
				CLANG_WARN_CONSTANT_CONVERSION = YES;
				CLANG_WARN_DIRECT_OBJC_ISA_USAGE = YES_ERROR;
				CLANG_WARN_EMPTY_BODY = YES;
				CLANG_WARN_ENUM_CONVERSION = YES;
				CLANG_WARN_INT_CONVERSION = YES;
				CLANG_WARN_OBJC_ROOT_CLASS = YES_ERROR;
				CLANG_WARN_UNREACHABLE_CODE = YES;
				CLANG_WARN__DUPLICATE_METHOD_MATCH = YES;
				"CODE_SIGN_IDENTITY[sdk=iphoneos*]" = "iPhone Developer";
				COPY_PHASE_STRIP = NO;
				DEBUG_INFORMATION_FORMAT = dwarf;
				ENABLE_STRICT_OBJC_MSGSEND = YES;
				ENABLE_TESTABILITY = YES;
				GCC_C_LANGUAGE_STANDARD = gnu99;
				GCC_DYNAMIC_NO_PIC = NO;
				GCC_NO_COMMON_BLOCKS = YES;
				GCC_OPTIMIZATION_LEVEL = 0;
				GCC_PREPROCESSOR_DEFINITIONS = (
					"DEBUG=1",
					"$(inherited)",
				);
				GCC_WARN_64_TO_32_BIT_CONVERSION = YES;
				GCC_WARN_ABOUT_RETURN_TYPE = YES_ERROR;
				GCC_WARN_UNDECLARED_SELECTOR = YES;
				GCC_WARN_UNINITIALIZED_AUTOS = YES_AGGRESSIVE;
				GCC_WARN_UNUSED_FUNCTION = YES;
				GCC_WARN_UNUSED_VARIABLE = YES;
				IPHONEOS_DEPLOYMENT_TARGET = 8.0;
				MTL_ENABLE_DEBUG_INFO = YES;
				ONLY_ACTIVE_ARCH = YES;
				SDKROOT = iphoneos;
				SWIFT_OPTIMIZATION_LEVEL = "-Onone";
			};
			name = Debug;
		};
		3892D3571C0BA1C400EF29A5 /* Release */ = {
			isa = XCBuildConfiguration;
			buildSettings = {
				ALWAYS_SEARCH_USER_PATHS = NO;
				CLANG_CXX_LANGUAGE_STANDARD = "gnu++0x";
				CLANG_CXX_LIBRARY = "libc++";
				CLANG_ENABLE_MODULES = YES;
				CLANG_ENABLE_OBJC_ARC = YES;
				CLANG_WARN_BOOL_CONVERSION = YES;
				CLANG_WARN_CONSTANT_CONVERSION = YES;
				CLANG_WARN_DIRECT_OBJC_ISA_USAGE = YES_ERROR;
				CLANG_WARN_EMPTY_BODY = YES;
				CLANG_WARN_ENUM_CONVERSION = YES;
				CLANG_WARN_INT_CONVERSION = YES;
				CLANG_WARN_OBJC_ROOT_CLASS = YES_ERROR;
				CLANG_WARN_UNREACHABLE_CODE = YES;
				CLANG_WARN__DUPLICATE_METHOD_MATCH = YES;
				"CODE_SIGN_IDENTITY[sdk=iphoneos*]" = "iPhone Developer";
				COPY_PHASE_STRIP = NO;
				DEBUG_INFORMATION_FORMAT = "dwarf-with-dsym";
				ENABLE_NS_ASSERTIONS = NO;
				ENABLE_STRICT_OBJC_MSGSEND = YES;
				GCC_C_LANGUAGE_STANDARD = gnu99;
				GCC_NO_COMMON_BLOCKS = YES;
				GCC_WARN_64_TO_32_BIT_CONVERSION = YES;
				GCC_WARN_ABOUT_RETURN_TYPE = YES_ERROR;
				GCC_WARN_UNDECLARED_SELECTOR = YES;
				GCC_WARN_UNINITIALIZED_AUTOS = YES_AGGRESSIVE;
				GCC_WARN_UNUSED_FUNCTION = YES;
				GCC_WARN_UNUSED_VARIABLE = YES;
				IPHONEOS_DEPLOYMENT_TARGET = 8.0;
				MTL_ENABLE_DEBUG_INFO = NO;
				SDKROOT = iphoneos;
				VALIDATE_PRODUCT = YES;
			};
			name = Release;
		};
		3892D3591C0BA1C400EF29A5 /* Debug */ = {
			isa = XCBuildConfiguration;
			buildSettings = {
				ASSETCATALOG_COMPILER_APPICON_NAME = AppIcon;
				INFOPLIST_FILE = wParkingMeter/Info.plist;
				IPHONEOS_DEPLOYMENT_TARGET = 8.0;
				LD_RUNPATH_SEARCH_PATHS = "$(inherited) @executable_path/Frameworks";
				PRODUCT_BUNDLE_IDENTIFIER = es.walii.wParkingMeterV2;
				PRODUCT_NAME = "$(TARGET_NAME)";
			};
			name = Debug;
		};
		3892D35A1C0BA1C400EF29A5 /* Release */ = {
			isa = XCBuildConfiguration;
			buildSettings = {
				ASSETCATALOG_COMPILER_APPICON_NAME = AppIcon;
				INFOPLIST_FILE = wParkingMeter/Info.plist;
				IPHONEOS_DEPLOYMENT_TARGET = 8.0;
				LD_RUNPATH_SEARCH_PATHS = "$(inherited) @executable_path/Frameworks";
				PRODUCT_BUNDLE_IDENTIFIER = es.walii.wParkingMeterV2;
				PRODUCT_NAME = "$(TARGET_NAME)";
			};
			name = Release;
		};
		3892D35C1C0BA1C400EF29A5 /* Debug */ = {
			isa = XCBuildConfiguration;
			buildSettings = {
				BUNDLE_LOADER = "$(TEST_HOST)";
				INFOPLIST_FILE = wParkingMeterTests/Info.plist;
				LD_RUNPATH_SEARCH_PATHS = "$(inherited) @executable_path/Frameworks @loader_path/Frameworks";
				PRODUCT_BUNDLE_IDENTIFIER = es.walii.wParkingMeterTests;
				PRODUCT_NAME = "$(TARGET_NAME)";
				TEST_HOST = "$(BUILT_PRODUCTS_DIR)/wParkingMeter.app/wParkingMeter";
			};
			name = Debug;
		};
		3892D35D1C0BA1C400EF29A5 /* Release */ = {
			isa = XCBuildConfiguration;
			buildSettings = {
				BUNDLE_LOADER = "$(TEST_HOST)";
				INFOPLIST_FILE = wParkingMeterTests/Info.plist;
				LD_RUNPATH_SEARCH_PATHS = "$(inherited) @executable_path/Frameworks @loader_path/Frameworks";
				PRODUCT_BUNDLE_IDENTIFIER = es.walii.wParkingMeterTests;
				PRODUCT_NAME = "$(TARGET_NAME)";
				TEST_HOST = "$(BUILT_PRODUCTS_DIR)/wParkingMeter.app/wParkingMeter";
			};
			name = Release;
		};
		3892D35F1C0BA1C400EF29A5 /* Debug */ = {
			isa = XCBuildConfiguration;
			buildSettings = {
				INFOPLIST_FILE = wParkingMeterUITests/Info.plist;
				LD_RUNPATH_SEARCH_PATHS = "$(inherited) @executable_path/Frameworks @loader_path/Frameworks";
				PRODUCT_BUNDLE_IDENTIFIER = es.walii.wParkingMeterUITests;
				PRODUCT_NAME = "$(TARGET_NAME)";
				TEST_TARGET_NAME = wParkingMeter;
				USES_XCTRUNNER = YES;
			};
			name = Debug;
		};
		3892D3601C0BA1C400EF29A5 /* Release */ = {
			isa = XCBuildConfiguration;
			buildSettings = {
				INFOPLIST_FILE = wParkingMeterUITests/Info.plist;
				LD_RUNPATH_SEARCH_PATHS = "$(inherited) @executable_path/Frameworks @loader_path/Frameworks";
				PRODUCT_BUNDLE_IDENTIFIER = es.walii.wParkingMeterUITests;
				PRODUCT_NAME = "$(TARGET_NAME)";
				TEST_TARGET_NAME = wParkingMeter;
				USES_XCTRUNNER = YES;
			};
			name = Release;
		};
/* End XCBuildConfiguration section */

/* Begin XCConfigurationList section */
		3892D32B1C0BA1C400EF29A5 /* Build configuration list for PBXProject "wParkingMeter" */ = {
			isa = XCConfigurationList;
			buildConfigurations = (
				3892D3561C0BA1C400EF29A5 /* Debug */,
				3892D3571C0BA1C400EF29A5 /* Release */,
			);
			defaultConfigurationIsVisible = 0;
			defaultConfigurationName = Release;
		};
		3892D3581C0BA1C400EF29A5 /* Build configuration list for PBXNativeTarget "wParkingMeter" */ = {
			isa = XCConfigurationList;
			buildConfigurations = (
				3892D3591C0BA1C400EF29A5 /* Debug */,
				3892D35A1C0BA1C400EF29A5 /* Release */,
			);
			defaultConfigurationIsVisible = 0;
			defaultConfigurationName = Release;
		};
		3892D35B1C0BA1C400EF29A5 /* Build configuration list for PBXNativeTarget "wParkingMeterTests" */ = {
			isa = XCConfigurationList;
			buildConfigurations = (
				3892D35C1C0BA1C400EF29A5 /* Debug */,
				3892D35D1C0BA1C400EF29A5 /* Release */,
			);
			defaultConfigurationIsVisible = 0;
			defaultConfigurationName = Release;
		};
		3892D35E1C0BA1C400EF29A5 /* Build configuration list for PBXNativeTarget "wParkingMeterUITests" */ = {
			isa = XCConfigurationList;
			buildConfigurations = (
				3892D35F1C0BA1C400EF29A5 /* Debug */,
				3892D3601C0BA1C400EF29A5 /* Release */,
			);
			defaultConfigurationIsVisible = 0;
			defaultConfigurationName = Release;
		};
/* End XCConfigurationList section */
	};
	rootObject = 3892D3281C0BA1C400EF29A5 /* Project object */;
}
